
Microsoft Visual Studio Solution File, Format Version 12.00
# Visual Studio Version 17
VisualStudioVersion = 17.0.31903.59
MinimumVisualStudioVersion = 10.0.40219.1
Project("{2150E333-8FDC-42A3-9474-1A3956D46DE8}") = "src", "src", "{827E0CD3-B72D-47B6-A68D-7590B98EB39B}"
EndProject
Project("{FAE04EC0-301F-11D3-BF4B-00C04F79EFBC}") = "PolyDonky.Core", "src\PolyDonky.Core\PolyDonky.Core.csproj", "{FF0A2121-5F55-4445-8182-721DF1687469}"
EndProject
Project("{FAE04EC0-301F-11D3-BF4B-00C04F79EFBC}") = "PolyDonky.Iwpf", "src\PolyDonky.Iwpf\PolyDonky.Iwpf.csproj", "{562CC98F-6F96-4B29-8260-A75172617264}"
EndProject
Project("{FAE04EC0-301F-11D3-BF4B-00C04F79EFBC}") = "PolyDonky.Codecs.Text", "src\PolyDonky.Codecs.Text\PolyDonky.Codecs.Text.csproj", "{B562EF65-8B79-4CFF-AEFB-DE41E5A58B31}"
EndProject
Project("{FAE04EC0-301F-11D3-BF4B-00C04F79EFBC}") = "PolyDonky.Codecs.Markdown", "src\PolyDonky.Codecs.Markdown\PolyDonky.Codecs.Markdown.csproj", "{79744ABD-60EC-4D54-B8D3-551E5C498419}"
EndProject
Project("{FAE04EC0-301F-11D3-BF4B-00C04F79EFBC}") = "PolyDonky.Codecs.Docx", "src\PolyDonky.Codecs.Docx\PolyDonky.Codecs.Docx.csproj", "{729BF78E-8138-4190-9086-BF614986000C}"
EndProject
Project("{FAE04EC0-301F-11D3-BF4B-00C04F79EFBC}") = "PolyDonky.App", "src\PolyDonky.App\PolyDonky.App.csproj", "{B92E9323-1316-4B82-B452-77BF11270689}"
EndProject
Project("{2150E333-8FDC-42A3-9474-1A3956D46DE8}") = "tests", "tests", "{0AB3BF05-4346-4AA6-1389-037BE0695223}"
EndProject
Project("{FAE04EC0-301F-11D3-BF4B-00C04F79EFBC}") = "PolyDonky.Core.Tests", "tests\PolyDonky.Core.Tests\PolyDonky.Core.Tests.csproj", "{FCA97F35-91DC-476B-B011-51722F5E5A5C}"
EndProject
Project("{FAE04EC0-301F-11D3-BF4B-00C04F79EFBC}") = "PolyDonky.Iwpf.Tests", "tests\PolyDonky.Iwpf.Tests\PolyDonky.Iwpf.Tests.csproj", "{A87D356E-24C5-4925-85A2-08D69FF6E9AC}"
EndProject
Project("{FAE04EC0-301F-11D3-BF4B-00C04F79EFBC}") = "PolyDonky.Codecs.Text.Tests", "tests\PolyDonky.Codecs.Text.Tests\PolyDonky.Codecs.Text.Tests.csproj", "{8EC7C763-94A8-4BB3-B60B-8D90BF3C429D}"
EndProject
Project("{FAE04EC0-301F-11D3-BF4B-00C04F79EFBC}") = "PolyDonky.Codecs.Markdown.Tests", "tests\PolyDonky.Codecs.Markdown.Tests\PolyDonky.Codecs.Markdown.Tests.csproj", "{C52CE0FE-6D39-4F8A-8833-B0FE69C5A224}"
EndProject
Project("{FAE04EC0-301F-11D3-BF4B-00C04F79EFBC}") = "PolyDonky.Codecs.Docx.Tests", "tests\PolyDonky.Codecs.Docx.Tests\PolyDonky.Codecs.Docx.Tests.csproj", "{B9520466-D28C-4062-ABC9-4C6C1815E7CA}"
EndProject
Project("{FAE04EC0-301F-11D3-BF4B-00C04F79EFBC}") = "PolyDonky.App.Tests", "tests\PolyDonky.App.Tests\PolyDonky.App.Tests.csproj", "{750E45DF-3E3B-481B-A08C-5EDF47D2D7D3}"
EndProject
Project("{2150E333-8FDC-42A3-9474-1A3956D46DE8}") = "tools", "tools", "{07C2787E-EAC7-C090-1BA3-A61EC2A24D84}"
EndProject
Project("{FAE04EC0-301F-11D3-BF4B-00C04F79EFBC}") = "PolyDonky.SmokeTest", "tools\PolyDonky.SmokeTest\PolyDonky.SmokeTest.csproj", "{278EC889-CFDF-4941-81CE-06C298BEF842}"
EndProject
Project("{FAE04EC0-301F-11D3-BF4B-00C04F79EFBC}") = "PolyDonky.Codecs.Hwpx", "src\PolyDonky.Codecs.Hwpx\PolyDonky.Codecs.Hwpx.csproj", "{3A924C8C-CFC3-4C28-8B09-AC225E9F973D}"
EndProject
Project("{FAE04EC0-301F-11D3-BF4B-00C04F79EFBC}") = "PolyDonky.Codecs.Hwpx.Tests", "tests\PolyDonky.Codecs.Hwpx.Tests\PolyDonky.Codecs.Hwpx.Tests.csproj", "{81F6865B-C615-40AE-A9CA-780C1E10B324}"
EndProject
Project("{FAE04EC0-301F-11D3-BF4B-00C04F79EFBC}") = "PolyDonky.Codecs.Html", "src\PolyDonky.Codecs.Html\PolyDonky.Codecs.Html.csproj", "{A1A7E032-D4D4-4273-86AB-5B689D864374}"
EndProject
Project("{FAE04EC0-301F-11D3-BF4B-00C04F79EFBC}") = "PolyDonky.Codecs.Html.Tests", "tests\PolyDonky.Codecs.Html.Tests\PolyDonky.Codecs.Html.Tests.csproj", "{27111C8C-480E-48D6-9FE4-435911DA5620}"
EndProject
Project("{FAE04EC0-301F-11D3-BF4B-00C04F79EFBC}") = "PolyDonky.Codecs.Xml", "src\PolyDonky.Codecs.Xml\PolyDonky.Codecs.Xml.csproj", "{D72383B9-BC74-40F8-B032-B115B686856A}"
EndProject
Project("{FAE04EC0-301F-11D3-BF4B-00C04F79EFBC}") = "PolyDonky.Codecs.Xml.Tests", "tests\PolyDonky.Codecs.Xml.Tests\PolyDonky.Codecs.Xml.Tests.csproj", "{7AC88D87-5D02-4834-B8C6-5BE69C6527BD}"
EndProject
Project("{FAE04EC0-301F-11D3-BF4B-00C04F79EFBC}") = "PolyDonky.Convert.Html", "tools\PolyDonky.Convert.Html\PolyDonky.Convert.Html.csproj", "{04941C79-3CDE-444F-86B4-E9D2731E16CC}"
EndProject
Project("{FAE04EC0-301F-11D3-BF4B-00C04F79EFBC}") = "PolyDonky.Convert.Xml", "tools\PolyDonky.Convert.Xml\PolyDonky.Convert.Xml.csproj", "{E2EFE784-67C9-46D6-8EDD-D636BE153901}"
EndProject
Project("{FAE04EC0-301F-11D3-BF4B-00C04F79EFBC}") = "PolyDonky.Convert.Docx", "tools\PolyDonky.Convert.Docx\PolyDonky.Convert.Docx.csproj", "{EF739D02-47F9-4B4B-A46A-1A538C6EF089}"
EndProject
Project("{FAE04EC0-301F-11D3-BF4B-00C04F79EFBC}") = "PolyDonky.Convert.Hwpx", "tools\PolyDonky.Convert.Hwpx\PolyDonky.Convert.Hwpx.csproj", "{27315FFB-F1BA-4F6F-93A9-ACFC9664C9B6}"
EndProject
Global
	GlobalSection(SolutionConfigurationPlatforms) = preSolution
		Debug|Any CPU = Debug|Any CPU
		Debug|x64 = Debug|x64
		Debug|x86 = Debug|x86
		Release|Any CPU = Release|Any CPU
		Release|x64 = Release|x64
		Release|x86 = Release|x86
	EndGlobalSection
	GlobalSection(ProjectConfigurationPlatforms) = postSolution
		{FF0A2121-5F55-4445-8182-721DF1687469}.Debug|Any CPU.ActiveCfg = Debug|Any CPU
		{FF0A2121-5F55-4445-8182-721DF1687469}.Debug|Any CPU.Build.0 = Debug|Any CPU
		{FF0A2121-5F55-4445-8182-721DF1687469}.Debug|x64.ActiveCfg = Debug|Any CPU
		{FF0A2121-5F55-4445-8182-721DF1687469}.Debug|x64.Build.0 = Debug|Any CPU
		{FF0A2121-5F55-4445-8182-721DF1687469}.Debug|x86.ActiveCfg = Debug|Any CPU
		{FF0A2121-5F55-4445-8182-721DF1687469}.Debug|x86.Build.0 = Debug|Any CPU
		{FF0A2121-5F55-4445-8182-721DF1687469}.Release|Any CPU.ActiveCfg = Release|Any CPU
		{FF0A2121-5F55-4445-8182-721DF1687469}.Release|Any CPU.Build.0 = Release|Any CPU
		{FF0A2121-5F55-4445-8182-721DF1687469}.Release|x64.ActiveCfg = Release|Any CPU
		{FF0A2121-5F55-4445-8182-721DF1687469}.Release|x64.Build.0 = Release|Any CPU
		{FF0A2121-5F55-4445-8182-721DF1687469}.Release|x86.ActiveCfg = Release|Any CPU
		{FF0A2121-5F55-4445-8182-721DF1687469}.Release|x86.Build.0 = Release|Any CPU
		{562CC98F-6F96-4B29-8260-A75172617264}.Debug|Any CPU.ActiveCfg = Debug|Any CPU
		{562CC98F-6F96-4B29-8260-A75172617264}.Debug|Any CPU.Build.0 = Debug|Any CPU
		{562CC98F-6F96-4B29-8260-A75172617264}.Debug|x64.ActiveCfg = Debug|Any CPU
		{562CC98F-6F96-4B29-8260-A75172617264}.Debug|x64.Build.0 = Debug|Any CPU
		{562CC98F-6F96-4B29-8260-A75172617264}.Debug|x86.ActiveCfg = Debug|Any CPU
		{562CC98F-6F96-4B29-8260-A75172617264}.Debug|x86.Build.0 = Debug|Any CPU
		{562CC98F-6F96-4B29-8260-A75172617264}.Release|Any CPU.ActiveCfg = Release|Any CPU
		{562CC98F-6F96-4B29-8260-A75172617264}.Release|Any CPU.Build.0 = Release|Any CPU
		{562CC98F-6F96-4B29-8260-A75172617264}.Release|x64.ActiveCfg = Release|Any CPU
		{562CC98F-6F96-4B29-8260-A75172617264}.Release|x64.Build.0 = Release|Any CPU
		{562CC98F-6F96-4B29-8260-A75172617264}.Release|x86.ActiveCfg = Release|Any CPU
		{562CC98F-6F96-4B29-8260-A75172617264}.Release|x86.Build.0 = Release|Any CPU
		{B562EF65-8B79-4CFF-AEFB-DE41E5A58B31}.Debug|Any CPU.ActiveCfg = Debug|Any CPU
		{B562EF65-8B79-4CFF-AEFB-DE41E5A58B31}.Debug|Any CPU.Build.0 = Debug|Any CPU
		{B562EF65-8B79-4CFF-AEFB-DE41E5A58B31}.Debug|x64.ActiveCfg = Debug|Any CPU
		{B562EF65-8B79-4CFF-AEFB-DE41E5A58B31}.Debug|x64.Build.0 = Debug|Any CPU
		{B562EF65-8B79-4CFF-AEFB-DE41E5A58B31}.Debug|x86.ActiveCfg = Debug|Any CPU
		{B562EF65-8B79-4CFF-AEFB-DE41E5A58B31}.Debug|x86.Build.0 = Debug|Any CPU
		{B562EF65-8B79-4CFF-AEFB-DE41E5A58B31}.Release|Any CPU.ActiveCfg = Release|Any CPU
		{B562EF65-8B79-4CFF-AEFB-DE41E5A58B31}.Release|Any CPU.Build.0 = Release|Any CPU
		{B562EF65-8B79-4CFF-AEFB-DE41E5A58B31}.Release|x64.ActiveCfg = Release|Any CPU
		{B562EF65-8B79-4CFF-AEFB-DE41E5A58B31}.Release|x64.Build.0 = Release|Any CPU
		{B562EF65-8B79-4CFF-AEFB-DE41E5A58B31}.Release|x86.ActiveCfg = Release|Any CPU
		{B562EF65-8B79-4CFF-AEFB-DE41E5A58B31}.Release|x86.Build.0 = Release|Any CPU
		{79744ABD-60EC-4D54-B8D3-551E5C498419}.Debug|Any CPU.ActiveCfg = Debug|Any CPU
		{79744ABD-60EC-4D54-B8D3-551E5C498419}.Debug|Any CPU.Build.0 = Debug|Any CPU
		{79744ABD-60EC-4D54-B8D3-551E5C498419}.Debug|x64.ActiveCfg = Debug|Any CPU
		{79744ABD-60EC-4D54-B8D3-551E5C498419}.Debug|x64.Build.0 = Debug|Any CPU
		{79744ABD-60EC-4D54-B8D3-551E5C498419}.Debug|x86.ActiveCfg = Debug|Any CPU
		{79744ABD-60EC-4D54-B8D3-551E5C498419}.Debug|x86.Build.0 = Debug|Any CPU
		{79744ABD-60EC-4D54-B8D3-551E5C498419}.Release|Any CPU.ActiveCfg = Release|Any CPU
		{79744ABD-60EC-4D54-B8D3-551E5C498419}.Release|Any CPU.Build.0 = Release|Any CPU
		{79744ABD-60EC-4D54-B8D3-551E5C498419}.Release|x64.ActiveCfg = Release|Any CPU
		{79744ABD-60EC-4D54-B8D3-551E5C498419}.Release|x64.Build.0 = Release|Any CPU
		{79744ABD-60EC-4D54-B8D3-551E5C498419}.Release|x86.ActiveCfg = Release|Any CPU
		{79744ABD-60EC-4D54-B8D3-551E5C498419}.Release|x86.Build.0 = Release|Any CPU
		{729BF78E-8138-4190-9086-BF614986000C}.Debug|Any CPU.ActiveCfg = Debug|Any CPU
		{729BF78E-8138-4190-9086-BF614986000C}.Debug|Any CPU.Build.0 = Debug|Any CPU
		{729BF78E-8138-4190-9086-BF614986000C}.Debug|x64.ActiveCfg = Debug|Any CPU
		{729BF78E-8138-4190-9086-BF614986000C}.Debug|x64.Build.0 = Debug|Any CPU
		{729BF78E-8138-4190-9086-BF614986000C}.Debug|x86.ActiveCfg = Debug|Any CPU
		{729BF78E-8138-4190-9086-BF614986000C}.Debug|x86.Build.0 = Debug|Any CPU
		{729BF78E-8138-4190-9086-BF614986000C}.Release|Any CPU.ActiveCfg = Release|Any CPU
		{729BF78E-8138-4190-9086-BF614986000C}.Release|Any CPU.Build.0 = Release|Any CPU
		{729BF78E-8138-4190-9086-BF614986000C}.Release|x64.ActiveCfg = Release|Any CPU
		{729BF78E-8138-4190-9086-BF614986000C}.Release|x64.Build.0 = Release|Any CPU
		{729BF78E-8138-4190-9086-BF614986000C}.Release|x86.ActiveCfg = Release|Any CPU
		{729BF78E-8138-4190-9086-BF614986000C}.Release|x86.Build.0 = Release|Any CPU
		{B92E9323-1316-4B82-B452-77BF11270689}.Debug|Any CPU.ActiveCfg = Debug|Any CPU
		{B92E9323-1316-4B82-B452-77BF11270689}.Debug|Any CPU.Build.0 = Debug|Any CPU
		{B92E9323-1316-4B82-B452-77BF11270689}.Debug|x64.ActiveCfg = Debug|Any CPU
		{B92E9323-1316-4B82-B452-77BF11270689}.Debug|x64.Build.0 = Debug|Any CPU
		{B92E9323-1316-4B82-B452-77BF11270689}.Debug|x86.ActiveCfg = Debug|Any CPU
		{B92E9323-1316-4B82-B452-77BF11270689}.Debug|x86.Build.0 = Debug|Any CPU
		{B92E9323-1316-4B82-B452-77BF11270689}.Release|Any CPU.ActiveCfg = Release|Any CPU
		{B92E9323-1316-4B82-B452-77BF11270689}.Release|Any CPU.Build.0 = Release|Any CPU
		{B92E9323-1316-4B82-B452-77BF11270689}.Release|x64.ActiveCfg = Release|Any CPU
		{B92E9323-1316-4B82-B452-77BF11270689}.Release|x64.Build.0 = Release|Any CPU
		{B92E9323-1316-4B82-B452-77BF11270689}.Release|x86.ActiveCfg = Release|Any CPU
		{B92E9323-1316-4B82-B452-77BF11270689}.Release|x86.Build.0 = Release|Any CPU
		{FCA97F35-91DC-476B-B011-51722F5E5A5C}.Debug|Any CPU.ActiveCfg = Debug|Any CPU
		{FCA97F35-91DC-476B-B011-51722F5E5A5C}.Debug|Any CPU.Build.0 = Debug|Any CPU
		{FCA97F35-91DC-476B-B011-51722F5E5A5C}.Debug|x64.ActiveCfg = Debug|Any CPU
		{FCA97F35-91DC-476B-B011-51722F5E5A5C}.Debug|x64.Build.0 = Debug|Any CPU
		{FCA97F35-91DC-476B-B011-51722F5E5A5C}.Debug|x86.ActiveCfg = Debug|Any CPU
		{FCA97F35-91DC-476B-B011-51722F5E5A5C}.Debug|x86.Build.0 = Debug|Any CPU
		{FCA97F35-91DC-476B-B011-51722F5E5A5C}.Release|Any CPU.ActiveCfg = Release|Any CPU
		{FCA97F35-91DC-476B-B011-51722F5E5A5C}.Release|Any CPU.Build.0 = Release|Any CPU
		{FCA97F35-91DC-476B-B011-51722F5E5A5C}.Release|x64.ActiveCfg = Release|Any CPU
		{FCA97F35-91DC-476B-B011-51722F5E5A5C}.Release|x64.Build.0 = Release|Any CPU
		{FCA97F35-91DC-476B-B011-51722F5E5A5C}.Release|x86.ActiveCfg = Release|Any CPU
		{FCA97F35-91DC-476B-B011-51722F5E5A5C}.Release|x86.Build.0 = Release|Any CPU
		{A87D356E-24C5-4925-85A2-08D69FF6E9AC}.Debug|Any CPU.ActiveCfg = Debug|Any CPU
		{A87D356E-24C5-4925-85A2-08D69FF6E9AC}.Debug|Any CPU.Build.0 = Debug|Any CPU
		{A87D356E-24C5-4925-85A2-08D69FF6E9AC}.Debug|x64.ActiveCfg = Debug|Any CPU
		{A87D356E-24C5-4925-85A2-08D69FF6E9AC}.Debug|x64.Build.0 = Debug|Any CPU
		{A87D356E-24C5-4925-85A2-08D69FF6E9AC}.Debug|x86.ActiveCfg = Debug|Any CPU
		{A87D356E-24C5-4925-85A2-08D69FF6E9AC}.Debug|x86.Build.0 = Debug|Any CPU
		{A87D356E-24C5-4925-85A2-08D69FF6E9AC}.Release|Any CPU.ActiveCfg = Release|Any CPU
		{A87D356E-24C5-4925-85A2-08D69FF6E9AC}.Release|Any CPU.Build.0 = Release|Any CPU
		{A87D356E-24C5-4925-85A2-08D69FF6E9AC}.Release|x64.ActiveCfg = Release|Any CPU
		{A87D356E-24C5-4925-85A2-08D69FF6E9AC}.Release|x64.Build.0 = Release|Any CPU
		{A87D356E-24C5-4925-85A2-08D69FF6E9AC}.Release|x86.ActiveCfg = Release|Any CPU
		{A87D356E-24C5-4925-85A2-08D69FF6E9AC}.Release|x86.Build.0 = Release|Any CPU
		{8EC7C763-94A8-4BB3-B60B-8D90BF3C429D}.Debug|Any CPU.ActiveCfg = Debug|Any CPU
		{8EC7C763-94A8-4BB3-B60B-8D90BF3C429D}.Debug|Any CPU.Build.0 = Debug|Any CPU
		{8EC7C763-94A8-4BB3-B60B-8D90BF3C429D}.Debug|x64.ActiveCfg = Debug|Any CPU
		{8EC7C763-94A8-4BB3-B60B-8D90BF3C429D}.Debug|x64.Build.0 = Debug|Any CPU
		{8EC7C763-94A8-4BB3-B60B-8D90BF3C429D}.Debug|x86.ActiveCfg = Debug|Any CPU
		{8EC7C763-94A8-4BB3-B60B-8D90BF3C429D}.Debug|x86.Build.0 = Debug|Any CPU
		{8EC7C763-94A8-4BB3-B60B-8D90BF3C429D}.Release|Any CPU.ActiveCfg = Release|Any CPU
		{8EC7C763-94A8-4BB3-B60B-8D90BF3C429D}.Release|Any CPU.Build.0 = Release|Any CPU
		{8EC7C763-94A8-4BB3-B60B-8D90BF3C429D}.Release|x64.ActiveCfg = Release|Any CPU
		{8EC7C763-94A8-4BB3-B60B-8D90BF3C429D}.Release|x64.Build.0 = Release|Any CPU
		{8EC7C763-94A8-4BB3-B60B-8D90BF3C429D}.Release|x86.ActiveCfg = Release|Any CPU
		{8EC7C763-94A8-4BB3-B60B-8D90BF3C429D}.Release|x86.Build.0 = Release|Any CPU
		{C52CE0FE-6D39-4F8A-8833-B0FE69C5A224}.Debug|Any CPU.ActiveCfg = Debug|Any CPU
		{C52CE0FE-6D39-4F8A-8833-B0FE69C5A224}.Debug|Any CPU.Build.0 = Debug|Any CPU
		{C52CE0FE-6D39-4F8A-8833-B0FE69C5A224}.Debug|x64.ActiveCfg = Debug|Any CPU
		{C52CE0FE-6D39-4F8A-8833-B0FE69C5A224}.Debug|x64.Build.0 = Debug|Any CPU
		{C52CE0FE-6D39-4F8A-8833-B0FE69C5A224}.Debug|x86.ActiveCfg = Debug|Any CPU
		{C52CE0FE-6D39-4F8A-8833-B0FE69C5A224}.Debug|x86.Build.0 = Debug|Any CPU
		{C52CE0FE-6D39-4F8A-8833-B0FE69C5A224}.Release|Any CPU.ActiveCfg = Release|Any CPU
		{C52CE0FE-6D39-4F8A-8833-B0FE69C5A224}.Release|Any CPU.Build.0 = Release|Any CPU
		{C52CE0FE-6D39-4F8A-8833-B0FE69C5A224}.Release|x64.ActiveCfg = Release|Any CPU
		{C52CE0FE-6D39-4F8A-8833-B0FE69C5A224}.Release|x64.Build.0 = Release|Any CPU
		{C52CE0FE-6D39-4F8A-8833-B0FE69C5A224}.Release|x86.ActiveCfg = Release|Any CPU
		{C52CE0FE-6D39-4F8A-8833-B0FE69C5A224}.Release|x86.Build.0 = Release|Any CPU
		{B9520466-D28C-4062-ABC9-4C6C1815E7CA}.Debug|Any CPU.ActiveCfg = Debug|Any CPU
		{B9520466-D28C-4062-ABC9-4C6C1815E7CA}.Debug|Any CPU.Build.0 = Debug|Any CPU
		{B9520466-D28C-4062-ABC9-4C6C1815E7CA}.Debug|x64.ActiveCfg = Debug|Any CPU
		{B9520466-D28C-4062-ABC9-4C6C1815E7CA}.Debug|x64.Build.0 = Debug|Any CPU
		{B9520466-D28C-4062-ABC9-4C6C1815E7CA}.Debug|x86.ActiveCfg = Debug|Any CPU
		{B9520466-D28C-4062-ABC9-4C6C1815E7CA}.Debug|x86.Build.0 = Debug|Any CPU
		{B9520466-D28C-4062-ABC9-4C6C1815E7CA}.Release|Any CPU.ActiveCfg = Release|Any CPU
		{B9520466-D28C-4062-ABC9-4C6C1815E7CA}.Release|Any CPU.Build.0 = Release|Any CPU
		{B9520466-D28C-4062-ABC9-4C6C1815E7CA}.Release|x64.ActiveCfg = Release|Any CPU
		{B9520466-D28C-4062-ABC9-4C6C1815E7CA}.Release|x64.Build.0 = Release|Any CPU
		{B9520466-D28C-4062-ABC9-4C6C1815E7CA}.Release|x86.ActiveCfg = Release|Any CPU
		{B9520466-D28C-4062-ABC9-4C6C1815E7CA}.Release|x86.Build.0 = Release|Any CPU
		{750E45DF-3E3B-481B-A08C-5EDF47D2D7D3}.Debug|Any CPU.ActiveCfg = Debug|Any CPU
		{750E45DF-3E3B-481B-A08C-5EDF47D2D7D3}.Debug|Any CPU.Build.0 = Debug|Any CPU
		{750E45DF-3E3B-481B-A08C-5EDF47D2D7D3}.Debug|x64.ActiveCfg = Debug|Any CPU
		{750E45DF-3E3B-481B-A08C-5EDF47D2D7D3}.Debug|x64.Build.0 = Debug|Any CPU
		{750E45DF-3E3B-481B-A08C-5EDF47D2D7D3}.Debug|x86.ActiveCfg = Debug|Any CPU
		{750E45DF-3E3B-481B-A08C-5EDF47D2D7D3}.Debug|x86.Build.0 = Debug|Any CPU
		{750E45DF-3E3B-481B-A08C-5EDF47D2D7D3}.Release|Any CPU.ActiveCfg = Release|Any CPU
		{750E45DF-3E3B-481B-A08C-5EDF47D2D7D3}.Release|Any CPU.Build.0 = Release|Any CPU
		{750E45DF-3E3B-481B-A08C-5EDF47D2D7D3}.Release|x64.ActiveCfg = Release|Any CPU
		{750E45DF-3E3B-481B-A08C-5EDF47D2D7D3}.Release|x64.Build.0 = Release|Any CPU
		{750E45DF-3E3B-481B-A08C-5EDF47D2D7D3}.Release|x86.ActiveCfg = Release|Any CPU
		{750E45DF-3E3B-481B-A08C-5EDF47D2D7D3}.Release|x86.Build.0 = Release|Any CPU
		{278EC889-CFDF-4941-81CE-06C298BEF842}.Debug|Any CPU.ActiveCfg = Debug|Any CPU
		{278EC889-CFDF-4941-81CE-06C298BEF842}.Debug|Any CPU.Build.0 = Debug|Any CPU
		{278EC889-CFDF-4941-81CE-06C298BEF842}.Debug|x64.ActiveCfg = Debug|Any CPU
		{278EC889-CFDF-4941-81CE-06C298BEF842}.Debug|x64.Build.0 = Debug|Any CPU
		{278EC889-CFDF-4941-81CE-06C298BEF842}.Debug|x86.ActiveCfg = Debug|Any CPU
		{278EC889-CFDF-4941-81CE-06C298BEF842}.Debug|x86.Build.0 = Debug|Any CPU
		{278EC889-CFDF-4941-81CE-06C298BEF842}.Release|Any CPU.ActiveCfg = Release|Any CPU
		{278EC889-CFDF-4941-81CE-06C298BEF842}.Release|Any CPU.Build.0 = Release|Any CPU
		{278EC889-CFDF-4941-81CE-06C298BEF842}.Release|x64.ActiveCfg = Release|Any CPU
		{278EC889-CFDF-4941-81CE-06C298BEF842}.Release|x64.Build.0 = Release|Any CPU
		{278EC889-CFDF-4941-81CE-06C298BEF842}.Release|x86.ActiveCfg = Release|Any CPU
		{278EC889-CFDF-4941-81CE-06C298BEF842}.Release|x86.Build.0 = Release|Any CPU
		{3A924C8C-CFC3-4C28-8B09-AC225E9F973D}.Debug|Any CPU.ActiveCfg = Debug|Any CPU
		{3A924C8C-CFC3-4C28-8B09-AC225E9F973D}.Debug|Any CPU.Build.0 = Debug|Any CPU
		{3A924C8C-CFC3-4C28-8B09-AC225E9F973D}.Debug|x64.ActiveCfg = Debug|Any CPU
		{3A924C8C-CFC3-4C28-8B09-AC225E9F973D}.Debug|x64.Build.0 = Debug|Any CPU
		{3A924C8C-CFC3-4C28-8B09-AC225E9F973D}.Debug|x86.ActiveCfg = Debug|Any CPU
		{3A924C8C-CFC3-4C28-8B09-AC225E9F973D}.Debug|x86.Build.0 = Debug|Any CPU
		{3A924C8C-CFC3-4C28-8B09-AC225E9F973D}.Release|Any CPU.ActiveCfg = Release|Any CPU
		{3A924C8C-CFC3-4C28-8B09-AC225E9F973D}.Release|Any CPU.Build.0 = Release|Any CPU
		{3A924C8C-CFC3-4C28-8B09-AC225E9F973D}.Release|x64.ActiveCfg = Release|Any CPU
		{3A924C8C-CFC3-4C28-8B09-AC225E9F973D}.Release|x64.Build.0 = Release|Any CPU
		{3A924C8C-CFC3-4C28-8B09-AC225E9F973D}.Release|x86.ActiveCfg = Release|Any CPU
		{3A924C8C-CFC3-4C28-8B09-AC225E9F973D}.Release|x86.Build.0 = Release|Any CPU
		{81F6865B-C615-40AE-A9CA-780C1E10B324}.Debug|Any CPU.ActiveCfg = Debug|Any CPU
		{81F6865B-C615-40AE-A9CA-780C1E10B324}.Debug|Any CPU.Build.0 = Debug|Any CPU
		{81F6865B-C615-40AE-A9CA-780C1E10B324}.Debug|x64.ActiveCfg = Debug|Any CPU
		{81F6865B-C615-40AE-A9CA-780C1E10B324}.Debug|x64.Build.0 = Debug|Any CPU
		{81F6865B-C615-40AE-A9CA-780C1E10B324}.Debug|x86.ActiveCfg = Debug|Any CPU
		{81F6865B-C615-40AE-A9CA-780C1E10B324}.Debug|x86.Build.0 = Debug|Any CPU
		{81F6865B-C615-40AE-A9CA-780C1E10B324}.Release|Any CPU.ActiveCfg = Release|Any CPU
		{81F6865B-C615-40AE-A9CA-780C1E10B324}.Release|Any CPU.Build.0 = Release|Any CPU
		{81F6865B-C615-40AE-A9CA-780C1E10B324}.Release|x64.ActiveCfg = Release|Any CPU
		{81F6865B-C615-40AE-A9CA-780C1E10B324}.Release|x64.Build.0 = Release|Any CPU
		{81F6865B-C615-40AE-A9CA-780C1E10B324}.Release|x86.ActiveCfg = Release|Any CPU
		{81F6865B-C615-40AE-A9CA-780C1E10B324}.Release|x86.Build.0 = Release|Any CPU
		{A1A7E032-D4D4-4273-86AB-5B689D864374}.Debug|Any CPU.ActiveCfg = Debug|Any CPU
		{A1A7E032-D4D4-4273-86AB-5B689D864374}.Debug|Any CPU.Build.0 = Debug|Any CPU
		{A1A7E032-D4D4-4273-86AB-5B689D864374}.Debug|x64.ActiveCfg = Debug|Any CPU
		{A1A7E032-D4D4-4273-86AB-5B689D864374}.Debug|x64.Build.0 = Debug|Any CPU
		{A1A7E032-D4D4-4273-86AB-5B689D864374}.Debug|x86.ActiveCfg = Debug|Any CPU
		{A1A7E032-D4D4-4273-86AB-5B689D864374}.Debug|x86.Build.0 = Debug|Any CPU
		{A1A7E032-D4D4-4273-86AB-5B689D864374}.Release|Any CPU.ActiveCfg = Release|Any CPU
		{A1A7E032-D4D4-4273-86AB-5B689D864374}.Release|Any CPU.Build.0 = Release|Any CPU
		{A1A7E032-D4D4-4273-86AB-5B689D864374}.Release|x64.ActiveCfg = Release|Any CPU
		{A1A7E032-D4D4-4273-86AB-5B689D864374}.Release|x64.Build.0 = Release|Any CPU
		{A1A7E032-D4D4-4273-86AB-5B689D864374}.Release|x86.ActiveCfg = Release|Any CPU
		{A1A7E032-D4D4-4273-86AB-5B689D864374}.Release|x86.Build.0 = Release|Any CPU
		{27111C8C-480E-48D6-9FE4-435911DA5620}.Debug|Any CPU.ActiveCfg = Debug|Any CPU
		{27111C8C-480E-48D6-9FE4-435911DA5620}.Debug|Any CPU.Build.0 = Debug|Any CPU
		{27111C8C-480E-48D6-9FE4-435911DA5620}.Debug|x64.ActiveCfg = Debug|Any CPU
		{27111C8C-480E-48D6-9FE4-435911DA5620}.Debug|x64.Build.0 = Debug|Any CPU
		{27111C8C-480E-48D6-9FE4-435911DA5620}.Debug|x86.ActiveCfg = Debug|Any CPU
		{27111C8C-480E-48D6-9FE4-435911DA5620}.Debug|x86.Build.0 = Debug|Any CPU
		{27111C8C-480E-48D6-9FE4-435911DA5620}.Release|Any CPU.ActiveCfg = Release|Any CPU
		{27111C8C-480E-48D6-9FE4-435911DA5620}.Release|Any CPU.Build.0 = Release|Any CPU
		{27111C8C-480E-48D6-9FE4-435911DA5620}.Release|x64.ActiveCfg = Release|Any CPU
		{27111C8C-480E-48D6-9FE4-435911DA5620}.Release|x64.Build.0 = Release|Any CPU
		{27111C8C-480E-48D6-9FE4-435911DA5620}.Release|x86.ActiveCfg = Release|Any CPU
		{27111C8C-480E-48D6-9FE4-435911DA5620}.Release|x86.Build.0 = Release|Any CPU
		{D72383B9-BC74-40F8-B032-B115B686856A}.Debug|Any CPU.ActiveCfg = Debug|Any CPU
		{D72383B9-BC74-40F8-B032-B115B686856A}.Debug|Any CPU.Build.0 = Debug|Any CPU
		{D72383B9-BC74-40F8-B032-B115B686856A}.Debug|x64.ActiveCfg = Debug|Any CPU
		{D72383B9-BC74-40F8-B032-B115B686856A}.Debug|x64.Build.0 = Debug|Any CPU
		{D72383B9-BC74-40F8-B032-B115B686856A}.Debug|x86.ActiveCfg = Debug|Any CPU
		{D72383B9-BC74-40F8-B032-B115B686856A}.Debug|x86.Build.0 = Debug|Any CPU
		{D72383B9-BC74-40F8-B032-B115B686856A}.Release|Any CPU.ActiveCfg = Release|Any CPU
		{D72383B9-BC74-40F8-B032-B115B686856A}.Release|Any CPU.Build.0 = Release|Any CPU
		{D72383B9-BC74-40F8-B032-B115B686856A}.Release|x64.ActiveCfg = Release|Any CPU
		{D72383B9-BC74-40F8-B032-B115B686856A}.Release|x64.Build.0 = Release|Any CPU
		{D72383B9-BC74-40F8-B032-B115B686856A}.Release|x86.ActiveCfg = Release|Any CPU
		{D72383B9-BC74-40F8-B032-B115B686856A}.Release|x86.Build.0 = Release|Any CPU
		{7AC88D87-5D02-4834-B8C6-5BE69C6527BD}.Debug|Any CPU.ActiveCfg = Debug|Any CPU
		{7AC88D87-5D02-4834-B8C6-5BE69C6527BD}.Debug|Any CPU.Build.0 = Debug|Any CPU
		{7AC88D87-5D02-4834-B8C6-5BE69C6527BD}.Debug|x64.ActiveCfg = Debug|Any CPU
		{7AC88D87-5D02-4834-B8C6-5BE69C6527BD}.Debug|x64.Build.0 = Debug|Any CPU
		{7AC88D87-5D02-4834-B8C6-5BE69C6527BD}.Debug|x86.ActiveCfg = Debug|Any CPU
		{7AC88D87-5D02-4834-B8C6-5BE69C6527BD}.Debug|x86.Build.0 = Debug|Any CPU
		{7AC88D87-5D02-4834-B8C6-5BE69C6527BD}.Release|Any CPU.ActiveCfg = Release|Any CPU
		{7AC88D87-5D02-4834-B8C6-5BE69C6527BD}.Release|Any CPU.Build.0 = Release|Any CPU
		{7AC88D87-5D02-4834-B8C6-5BE69C6527BD}.Release|x64.ActiveCfg = Release|Any CPU
		{7AC88D87-5D02-4834-B8C6-5BE69C6527BD}.Release|x64.Build.0 = Release|Any CPU
		{7AC88D87-5D02-4834-B8C6-5BE69C6527BD}.Release|x86.ActiveCfg = Release|Any CPU
		{7AC88D87-5D02-4834-B8C6-5BE69C6527BD}.Release|x86.Build.0 = Release|Any CPU
		{04941C79-3CDE-444F-86B4-E9D2731E16CC}.Debug|Any CPU.ActiveCfg = Debug|Any CPU
		{04941C79-3CDE-444F-86B4-E9D2731E16CC}.Debug|Any CPU.Build.0 = Debug|Any CPU
		{04941C79-3CDE-444F-86B4-E9D2731E16CC}.Debug|x64.ActiveCfg = Debug|Any CPU
		{04941C79-3CDE-444F-86B4-E9D2731E16CC}.Debug|x64.Build.0 = Debug|Any CPU
		{04941C79-3CDE-444F-86B4-E9D2731E16CC}.Debug|x86.ActiveCfg = Debug|Any CPU
		{04941C79-3CDE-444F-86B4-E9D2731E16CC}.Debug|x86.Build.0 = Debug|Any CPU
		{04941C79-3CDE-444F-86B4-E9D2731E16CC}.Release|Any CPU.ActiveCfg = Release|Any CPU
		{04941C79-3CDE-444F-86B4-E9D2731E16CC}.Release|Any CPU.Build.0 = Release|Any CPU
		{04941C79-3CDE-444F-86B4-E9D2731E16CC}.Release|x64.ActiveCfg = Release|Any CPU
		{04941C79-3CDE-444F-86B4-E9D2731E16CC}.Release|x64.Build.0 = Release|Any CPU
		{04941C79-3CDE-444F-86B4-E9D2731E16CC}.Release|x86.ActiveCfg = Release|Any CPU
		{04941C79-3CDE-444F-86B4-E9D2731E16CC}.Release|x86.Build.0 = Release|Any CPU
		{E2EFE784-67C9-46D6-8EDD-D636BE153901}.Debug|Any CPU.ActiveCfg = Debug|Any CPU
		{E2EFE784-67C9-46D6-8EDD-D636BE153901}.Debug|Any CPU.Build.0 = Debug|Any CPU
		{E2EFE784-67C9-46D6-8EDD-D636BE153901}.Debug|x64.ActiveCfg = Debug|Any CPU
		{E2EFE784-67C9-46D6-8EDD-D636BE153901}.Debug|x64.Build.0 = Debug|Any CPU
		{E2EFE784-67C9-46D6-8EDD-D636BE153901}.Debug|x86.ActiveCfg = Debug|Any CPU
		{E2EFE784-67C9-46D6-8EDD-D636BE153901}.Debug|x86.Build.0 = Debug|Any CPU
		{E2EFE784-67C9-46D6-8EDD-D636BE153901}.Release|Any CPU.ActiveCfg = Release|Any CPU
		{E2EFE784-67C9-46D6-8EDD-D636BE153901}.Release|Any CPU.Build.0 = Release|Any CPU
		{E2EFE784-67C9-46D6-8EDD-D636BE153901}.Release|x64.ActiveCfg = Release|Any CPU
		{E2EFE784-67C9-46D6-8EDD-D636BE153901}.Release|x64.Build.0 = Release|Any CPU
		{E2EFE784-67C9-46D6-8EDD-D636BE153901}.Release|x86.ActiveCfg = Release|Any CPU
		{E2EFE784-67C9-46D6-8EDD-D636BE153901}.Release|x86.Build.0 = Release|Any CPU
		{EF739D02-47F9-4B4B-A46A-1A538C6EF089}.Debug|Any CPU.ActiveCfg = Debug|Any CPU
		{EF739D02-47F9-4B4B-A46A-1A538C6EF089}.Debug|Any CPU.Build.0 = Debug|Any CPU
		{EF739D02-47F9-4B4B-A46A-1A538C6EF089}.Debug|x64.ActiveCfg = Debug|Any CPU
		{EF739D02-47F9-4B4B-A46A-1A538C6EF089}.Debug|x64.Build.0 = Debug|Any CPU
		{EF739D02-47F9-4B4B-A46A-1A538C6EF089}.Debug|x86.ActiveCfg = Debug|Any CPU
		{EF739D02-47F9-4B4B-A46A-1A538C6EF089}.Debug|x86.Build.0 = Debug|Any CPU
		{EF739D02-47F9-4B4B-A46A-1A538C6EF089}.Release|Any CPU.ActiveCfg = Release|Any CPU
		{EF739D02-47F9-4B4B-A46A-1A538C6EF089}.Release|Any CPU.Build.0 = Release|Any CPU
		{EF739D02-47F9-4B4B-A46A-1A538C6EF089}.Release|x64.ActiveCfg = Release|Any CPU
		{EF739D02-47F9-4B4B-A46A-1A538C6EF089}.Release|x64.Build.0 = Release|Any CPU
		{EF739D02-47F9-4B4B-A46A-1A538C6EF089}.Release|x86.ActiveCfg = Release|Any CPU
		{EF739D02-47F9-4B4B-A46A-1A538C6EF089}.Release|x86.Build.0 = Release|Any CPU
		{27315FFB-F1BA-4F6F-93A9-ACFC9664C9B6}.Debug|Any CPU.ActiveCfg = Debug|Any CPU
		{27315FFB-F1BA-4F6F-93A9-ACFC9664C9B6}.Debug|Any CPU.Build.0 = Debug|Any CPU
		{27315FFB-F1BA-4F6F-93A9-ACFC9664C9B6}.Debug|x64.ActiveCfg = Debug|Any CPU
		{27315FFB-F1BA-4F6F-93A9-ACFC9664C9B6}.Debug|x64.Build.0 = Debug|Any CPU
		{27315FFB-F1BA-4F6F-93A9-ACFC9664C9B6}.Debug|x86.ActiveCfg = Debug|Any CPU
		{27315FFB-F1BA-4F6F-93A9-ACFC9664C9B6}.Debug|x86.Build.0 = Debug|Any CPU
		{27315FFB-F1BA-4F6F-93A9-ACFC9664C9B6}.Release|Any CPU.ActiveCfg = Release|Any CPU
		{27315FFB-F1BA-4F6F-93A9-ACFC9664C9B6}.Release|Any CPU.Build.0 = Release|Any CPU
		{27315FFB-F1BA-4F6F-93A9-ACFC9664C9B6}.Release|x64.ActiveCfg = Release|Any CPU
		{27315FFB-F1BA-4F6F-93A9-ACFC9664C9B6}.Release|x64.Build.0 = Release|Any CPU
		{27315FFB-F1BA-4F6F-93A9-ACFC9664C9B6}.Release|x86.ActiveCfg = Release|Any CPU
		{27315FFB-F1BA-4F6F-93A9-ACFC9664C9B6}.Release|x86.Build.0 = Release|Any CPU
	EndGlobalSection
	GlobalSection(SolutionProperties) = preSolution
		HideSolutionNode = FALSE
	EndGlobalSection
	GlobalSection(NestedProjects) = preSolution
		{FF0A2121-5F55-4445-8182-721DF1687469} = {827E0CD3-B72D-47B6-A68D-7590B98EB39B}
		{562CC98F-6F96-4B29-8260-A75172617264} = {827E0CD3-B72D-47B6-A68D-7590B98EB39B}
		{B562EF65-8B79-4CFF-AEFB-DE41E5A58B31} = {827E0CD3-B72D-47B6-A68D-7590B98EB39B}
		{79744ABD-60EC-4D54-B8D3-551E5C498419} = {827E0CD3-B72D-47B6-A68D-7590B98EB39B}
		{729BF78E-8138-4190-9086-BF614986000C} = {827E0CD3-B72D-47B6-A68D-7590B98EB39B}
		{B92E9323-1316-4B82-B452-77BF11270689} = {827E0CD3-B72D-47B6-A68D-7590B98EB39B}
		{FCA97F35-91DC-476B-B011-51722F5E5A5C} = {0AB3BF05-4346-4AA6-1389-037BE0695223}
		{A87D356E-24C5-4925-85A2-08D69FF6E9AC} = {0AB3BF05-4346-4AA6-1389-037BE0695223}
		{8EC7C763-94A8-4BB3-B60B-8D90BF3C429D} = {0AB3BF05-4346-4AA6-1389-037BE0695223}
		{C52CE0FE-6D39-4F8A-8833-B0FE69C5A224} = {0AB3BF05-4346-4AA6-1389-037BE0695223}
		{B9520466-D28C-4062-ABC9-4C6C1815E7CA} = {0AB3BF05-4346-4AA6-1389-037BE0695223}
		{750E45DF-3E3B-481B-A08C-5EDF47D2D7D3} = {0AB3BF05-4346-4AA6-1389-037BE0695223}
		{278EC889-CFDF-4941-81CE-06C298BEF842} = {07C2787E-EAC7-C090-1BA3-A61EC2A24D84}
		{3A924C8C-CFC3-4C28-8B09-AC225E9F973D} = {827E0CD3-B72D-47B6-A68D-7590B98EB39B}
		{81F6865B-C615-40AE-A9CA-780C1E10B324} = {0AB3BF05-4346-4AA6-1389-037BE0695223}
		{A1A7E032-D4D4-4273-86AB-5B689D864374} = {827E0CD3-B72D-47B6-A68D-7590B98EB39B}
		{27111C8C-480E-48D6-9FE4-435911DA5620} = {0AB3BF05-4346-4AA6-1389-037BE0695223}
		{D72383B9-BC74-40F8-B032-B115B686856A} = {827E0CD3-B72D-47B6-A68D-7590B98EB39B}
		{7AC88D87-5D02-4834-B8C6-5BE69C6527BD} = {0AB3BF05-4346-4AA6-1389-037BE0695223}
		{04941C79-3CDE-444F-86B4-E9D2731E16CC} = {07C2787E-EAC7-C090-1BA3-A61EC2A24D84}
		{E2EFE784-67C9-46D6-8EDD-D636BE153901} = {07C2787E-EAC7-C090-1BA3-A61EC2A24D84}
		{EF739D02-47F9-4B4B-A46A-1A538C6EF089} = {07C2787E-EAC7-C090-1BA3-A61EC2A24D84}
		{27315FFB-F1BA-4F6F-93A9-ACFC9664C9B6} = {07C2787E-EAC7-C090-1BA3-A61EC2A24D84}
	EndGlobalSection
EndGlobal
