
Microsoft Visual Studio Solution File, Format Version 12.00
# Visual Studio Version 17
VisualStudioVersion = 17.0.31903.59
MinimumVisualStudioVersion = 10.0.40219.1
Project("{2150E333-8FDC-42A3-9474-1A3956D46DE8}") = "src", "src", "{827E0CD3-B72D-47B6-A68D-7590B98EB39B}"
EndProject
Project("{FAE04EC0-301F-11D3-BF4B-00C04F79EFBC}") = "PolyDoc.Core", "src\PolyDoc.Core\PolyDoc.Core.csproj", "{FF0A2121-5F55-4445-8182-721DF1687469}"
EndProject
Project("{FAE04EC0-301F-11D3-BF4B-00C04F79EFBC}") = "PolyDoc.Iwpf", "src\PolyDoc.Iwpf\PolyDoc.Iwpf.csproj", "{562CC98F-6F96-4B29-8260-A75172617264}"
EndProject
Project("{FAE04EC0-301F-11D3-BF4B-00C04F79EFBC}") = "PolyDoc.Codecs.Text", "src\PolyDoc.Codecs.Text\PolyDoc.Codecs.Text.csproj", "{B562EF65-8B79-4CFF-AEFB-DE41E5A58B31}"
EndProject
Project("{FAE04EC0-301F-11D3-BF4B-00C04F79EFBC}") = "PolyDoc.Codecs.Markdown", "src\PolyDoc.Codecs.Markdown\PolyDoc.Codecs.Markdown.csproj", "{79744ABD-60EC-4D54-B8D3-551E5C498419}"
EndProject
Project("{FAE04EC0-301F-11D3-BF4B-00C04F79EFBC}") = "PolyDoc.Codecs.Docx", "src\PolyDoc.Codecs.Docx\PolyDoc.Codecs.Docx.csproj", "{729BF78E-8138-4190-9086-BF614986000C}"
EndProject
Project("{FAE04EC0-301F-11D3-BF4B-00C04F79EFBC}") = "PolyDoc.App", "src\PolyDoc.App\PolyDoc.App.csproj", "{B92E9323-1316-4B82-B452-77BF11270689}"
EndProject
Project("{2150E333-8FDC-42A3-9474-1A3956D46DE8}") = "tests", "tests", "{0AB3BF05-4346-4AA6-1389-037BE0695223}"
EndProject
Project("{FAE04EC0-301F-11D3-BF4B-00C04F79EFBC}") = "PolyDoc.Core.Tests", "tests\PolyDoc.Core.Tests\PolyDoc.Core.Tests.csproj", "{FCA97F35-91DC-476B-B011-51722F5E5A5C}"
EndProject
Project("{FAE04EC0-301F-11D3-BF4B-00C04F79EFBC}") = "PolyDoc.Iwpf.Tests", "tests\PolyDoc.Iwpf.Tests\PolyDoc.Iwpf.Tests.csproj", "{A87D356E-24C5-4925-85A2-08D69FF6E9AC}"
EndProject
Project("{FAE04EC0-301F-11D3-BF4B-00C04F79EFBC}") = "PolyDoc.Codecs.Text.Tests", "tests\PolyDoc.Codecs.Text.Tests\PolyDoc.Codecs.Text.Tests.csproj", "{8EC7C763-94A8-4BB3-B60B-8D90BF3C429D}"
EndProject
Project("{FAE04EC0-301F-11D3-BF4B-00C04F79EFBC}") = "PolyDoc.Codecs.Markdown.Tests", "tests\PolyDoc.Codecs.Markdown.Tests\PolyDoc.Codecs.Markdown.Tests.csproj", "{C52CE0FE-6D39-4F8A-8833-B0FE69C5A224}"
EndProject
Project("{FAE04EC0-301F-11D3-BF4B-00C04F79EFBC}") = "PolyDoc.Codecs.Docx.Tests", "tests\PolyDoc.Codecs.Docx.Tests\PolyDoc.Codecs.Docx.Tests.csproj", "{B9520466-D28C-4062-ABC9-4C6C1815E7CA}"
EndProject
Project("{FAE04EC0-301F-11D3-BF4B-00C04F79EFBC}") = "PolyDoc.App.Tests", "tests\PolyDoc.App.Tests\PolyDoc.App.Tests.csproj", "{750E45DF-3E3B-481B-A08C-5EDF47D2D7D3}"
EndProject
Project("{2150E333-8FDC-42A3-9474-1A3956D46DE8}") = "tools", "tools", "{07C2787E-EAC7-C090-1BA3-A61EC2A24D84}"
EndProject
Project("{FAE04EC0-301F-11D3-BF4B-00C04F79EFBC}") = "PolyDoc.SmokeTest", "tools\PolyDoc.SmokeTest\PolyDoc.SmokeTest.csproj", "{278EC889-CFDF-4941-81CE-06C298BEF842}"
EndProject
Project("{FAE04EC0-301F-11D3-BF4B-00C04F79EFBC}") = "PolyDoc.Codecs.Hwpx", "src\PolyDoc.Codecs.Hwpx\PolyDoc.Codecs.Hwpx.csproj", "{3A924C8C-CFC3-4C28-8B09-AC225E9F973D}"
EndProject
Project("{FAE04EC0-301F-11D3-BF4B-00C04F79EFBC}") = "PolyDoc.Codecs.Hwpx.Tests", "tests\PolyDoc.Codecs.Hwpx.Tests\PolyDoc.Codecs.Hwpx.Tests.csproj", "{81F6865B-C615-40AE-A9CA-780C1E10B324}"
EndProject
Global
	GlobalSection(SolutionConfigurationPlatforms) = preSolution
		Debug|Any CPU = Debug|Any CPU
		Debug|x64 = Debug|x64
		Debug|x86 = Debug|x86
		Release|Any CPU = Release|Any CPU
		Release|x64 = Release|x64
		Release|x86 = Release|x86
	EndGlobalSection
	GlobalSection(ProjectConfigurationPlatforms) = postSolution
		{FF0A2121-5F55-4445-8182-721DF1687469}.Debug|Any CPU.ActiveCfg = Debug|Any CPU
		{FF0A2121-5F55-4445-8182-721DF1687469}.Debug|Any CPU.Build.0 = Debug|Any CPU
		{FF0A2121-5F55-4445-8182-721DF1687469}.Debug|x64.ActiveCfg = Debug|Any CPU
		{FF0A2121-5F55-4445-8182-721DF1687469}.Debug|x64.Build.0 = Debug|Any CPU
		{FF0A2121-5F55-4445-8182-721DF1687469}.Debug|x86.ActiveCfg = Debug|Any CPU
		{FF0A2121-5F55-4445-8182-721DF1687469}.Debug|x86.Build.0 = Debug|Any CPU
		{FF0A2121-5F55-4445-8182-721DF1687469}.Release|Any CPU.ActiveCfg = Release|Any CPU
		{FF0A2121-5F55-4445-8182-721DF1687469}.Release|Any CPU.Build.0 = Release|Any CPU
		{FF0A2121-5F55-4445-8182-721DF1687469}.Release|x64.ActiveCfg = Release|Any CPU
		{FF0A2121-5F55-4445-8182-721DF1687469}.Release|x64.Build.0 = Release|Any CPU
		{FF0A2121-5F55-4445-8182-721DF1687469}.Release|x86.ActiveCfg = Release|Any CPU
		{FF0A2121-5F55-4445-8182-721DF1687469}.Release|x86.Build.0 = Release|Any CPU
		{562CC98F-6F96-4B29-8260-A75172617264}.Debug|Any CPU.ActiveCfg = Debug|Any CPU
		{562CC98F-6F96-4B29-8260-A75172617264}.Debug|Any CPU.Build.0 = Debug|Any CPU
		{562CC98F-6F96-4B29-8260-A75172617264}.Debug|x64.ActiveCfg = Debug|Any CPU
		{562CC98F-6F96-4B29-8260-A75172617264}.Debug|x64.Build.0 = Debug|Any CPU
		{562CC98F-6F96-4B29-8260-A75172617264}.Debug|x86.ActiveCfg = Debug|Any CPU
		{562CC98F-6F96-4B29-8260-A75172617264}.Debug|x86.Build.0 = Debug|Any CPU
		{562CC98F-6F96-4B29-8260-A75172617264}.Release|Any CPU.ActiveCfg = Release|Any CPU
		{562CC98F-6F96-4B29-8260-A75172617264}.Release|Any CPU.Build.0 = Release|Any CPU
		{562CC98F-6F96-4B29-8260-A75172617264}.Release|x64.ActiveCfg = Release|Any CPU
		{562CC98F-6F96-4B29-8260-A75172617264}.Release|x64.Build.0 = Release|Any CPU
		{562CC98F-6F96-4B29-8260-A75172617264}.Release|x86.ActiveCfg = Release|Any CPU
		{562CC98F-6F96-4B29-8260-A75172617264}.Release|x86.Build.0 = Release|Any CPU
		{B562EF65-8B79-4CFF-AEFB-DE41E5A58B31}.Debug|Any CPU.ActiveCfg = Debug|Any CPU
		{B562EF65-8B79-4CFF-AEFB-DE41E5A58B31}.Debug|Any CPU.Build.0 = Debug|Any CPU
		{B562EF65-8B79-4CFF-AEFB-DE41E5A58B31}.Debug|x64.ActiveCfg = Debug|Any CPU
		{B562EF65-8B79-4CFF-AEFB-DE41E5A58B31}.Debug|x64.Build.0 = Debug|Any CPU
		{B562EF65-8B79-4CFF-AEFB-DE41E5A58B31}.Debug|x86.ActiveCfg = Debug|Any CPU
		{B562EF65-8B79-4CFF-AEFB-DE41E5A58B31}.Debug|x86.Build.0 = Debug|Any CPU
		{B562EF65-8B79-4CFF-AEFB-DE41E5A58B31}.Release|Any CPU.ActiveCfg = Release|Any CPU
		{B562EF65-8B79-4CFF-AEFB-DE41E5A58B31}.Release|Any CPU.Build.0 = Release|Any CPU
		{B562EF65-8B79-4CFF-AEFB-DE41E5A58B31}.Release|x64.ActiveCfg = Release|Any CPU
		{B562EF65-8B79-4CFF-AEFB-DE41E5A58B31}.Release|x64.Build.0 = Release|Any CPU
		{B562EF65-8B79-4CFF-AEFB-DE41E5A58B31}.Release|x86.ActiveCfg = Release|Any CPU
		{B562EF65-8B79-4CFF-AEFB-DE41E5A58B31}.Release|x86.Build.0 = Release|Any CPU
		{79744ABD-60EC-4D54-B8D3-551E5C498419}.Debug|Any CPU.ActiveCfg = Debug|Any CPU
		{79744ABD-60EC-4D54-B8D3-551E5C498419}.Debug|Any CPU.Build.0 = Debug|Any CPU
		{79744ABD-60EC-4D54-B8D3-551E5C498419}.Debug|x64.ActiveCfg = Debug|Any CPU
		{79744ABD-60EC-4D54-B8D3-551E5C498419}.Debug|x64.Build.0 = Debug|Any CPU
		{79744ABD-60EC-4D54-B8D3-551E5C498419}.Debug|x86.ActiveCfg = Debug|Any CPU
		{79744ABD-60EC-4D54-B8D3-551E5C498419}.Debug|x86.Build.0 = Debug|Any CPU
		{79744ABD-60EC-4D54-B8D3-551E5C498419}.Release|Any CPU.ActiveCfg = Release|Any CPU
		{79744ABD-60EC-4D54-B8D3-551E5C498419}.Release|Any CPU.Build.0 = Release|Any CPU
		{79744ABD-60EC-4D54-B8D3-551E5C498419}.Release|x64.ActiveCfg = Release|Any CPU
		{79744ABD-60EC-4D54-B8D3-551E5C498419}.Release|x64.Build.0 = Release|Any CPU
		{79744ABD-60EC-4D54-B8D3-551E5C498419}.Release|x86.ActiveCfg = Release|Any CPU
		{79744ABD-60EC-4D54-B8D3-551E5C498419}.Release|x86.Build.0 = Release|Any CPU
		{729BF78E-8138-4190-9086-BF614986000C}.Debug|Any CPU.ActiveCfg = Debug|Any CPU
		{729BF78E-8138-4190-9086-BF614986000C}.Debug|Any CPU.Build.0 = Debug|Any CPU
		{729BF78E-8138-4190-9086-BF614986000C}.Debug|x64.ActiveCfg = Debug|Any CPU
		{729BF78E-8138-4190-9086-BF614986000C}.Debug|x64.Build.0 = Debug|Any CPU
		{729BF78E-8138-4190-9086-BF614986000C}.Debug|x86.ActiveCfg = Debug|Any CPU
		{729BF78E-8138-4190-9086-BF614986000C}.Debug|x86.Build.0 = Debug|Any CPU
		{729BF78E-8138-4190-9086-BF614986000C}.Release|Any CPU.ActiveCfg = Release|Any CPU
		{729BF78E-8138-4190-9086-BF614986000C}.Release|Any CPU.Build.0 = Release|Any CPU
		{729BF78E-8138-4190-9086-BF614986000C}.Release|x64.ActiveCfg = Release|Any CPU
		{729BF78E-8138-4190-9086-BF614986000C}.Release|x64.Build.0 = Release|Any CPU
		{729BF78E-8138-4190-9086-BF614986000C}.Release|x86.ActiveCfg = Release|Any CPU
		{729BF78E-8138-4190-9086-BF614986000C}.Release|x86.Build.0 = Release|Any CPU
		{B92E9323-1316-4B82-B452-77BF11270689}.Debug|Any CPU.ActiveCfg = Debug|Any CPU
		{B92E9323-1316-4B82-B452-77BF11270689}.Debug|Any CPU.Build.0 = Debug|Any CPU
		{B92E9323-1316-4B82-B452-77BF11270689}.Debug|x64.ActiveCfg = Debug|Any CPU
		{B92E9323-1316-4B82-B452-77BF11270689}.Debug|x64.Build.0 = Debug|Any CPU
		{B92E9323-1316-4B82-B452-77BF11270689}.Debug|x86.ActiveCfg = Debug|Any CPU
		{B92E9323-1316-4B82-B452-77BF11270689}.Debug|x86.Build.0 = Debug|Any CPU
		{B92E9323-1316-4B82-B452-77BF11270689}.Release|Any CPU.ActiveCfg = Release|Any CPU
		{B92E9323-1316-4B82-B452-77BF11270689}.Release|Any CPU.Build.0 = Release|Any CPU
		{B92E9323-1316-4B82-B452-77BF11270689}.Release|x64.ActiveCfg = Release|Any CPU
		{B92E9323-1316-4B82-B452-77BF11270689}.Release|x64.Build.0 = Release|Any CPU
		{B92E9323-1316-4B82-B452-77BF11270689}.Release|x86.ActiveCfg = Release|Any CPU
		{B92E9323-1316-4B82-B452-77BF11270689}.Release|x86.Build.0 = Release|Any CPU
		{FCA97F35-91DC-476B-B011-51722F5E5A5C}.Debug|Any CPU.ActiveCfg = Debug|Any CPU
		{FCA97F35-91DC-476B-B011-51722F5E5A5C}.Debug|Any CPU.Build.0 = Debug|Any CPU
		{FCA97F35-91DC-476B-B011-51722F5E5A5C}.Debug|x64.ActiveCfg = Debug|Any CPU
		{FCA97F35-91DC-476B-B011-51722F5E5A5C}.Debug|x64.Build.0 = Debug|Any CPU
		{FCA97F35-91DC-476B-B011-51722F5E5A5C}.Debug|x86.ActiveCfg = Debug|Any CPU
		{FCA97F35-91DC-476B-B011-51722F5E5A5C}.Debug|x86.Build.0 = Debug|Any CPU
		{FCA97F35-91DC-476B-B011-51722F5E5A5C}.Release|Any CPU.ActiveCfg = Release|Any CPU
		{FCA97F35-91DC-476B-B011-51722F5E5A5C}.Release|Any CPU.Build.0 = Release|Any CPU
		{FCA97F35-91DC-476B-B011-51722F5E5A5C}.Release|x64.ActiveCfg = Release|Any CPU
		{FCA97F35-91DC-476B-B011-51722F5E5A5C}.Release|x64.Build.0 = Release|Any CPU
		{FCA97F35-91DC-476B-B011-51722F5E5A5C}.Release|x86.ActiveCfg = Release|Any CPU
		{FCA97F35-91DC-476B-B011-51722F5E5A5C}.Release|x86.Build.0 = Release|Any CPU
		{A87D356E-24C5-4925-85A2-08D69FF6E9AC}.Debug|Any CPU.ActiveCfg = Debug|Any CPU
		{A87D356E-24C5-4925-85A2-08D69FF6E9AC}.Debug|Any CPU.Build.0 = Debug|Any CPU
		{A87D356E-24C5-4925-85A2-08D69FF6E9AC}.Debug|x64.ActiveCfg = Debug|Any CPU
		{A87D356E-24C5-4925-85A2-08D69FF6E9AC}.Debug|x64.Build.0 = Debug|Any CPU
		{A87D356E-24C5-4925-85A2-08D69FF6E9AC}.Debug|x86.ActiveCfg = Debug|Any CPU
		{A87D356E-24C5-4925-85A2-08D69FF6E9AC}.Debug|x86.Build.0 = Debug|Any CPU
		{A87D356E-24C5-4925-85A2-08D69FF6E9AC}.Release|Any CPU.ActiveCfg = Release|Any CPU
		{A87D356E-24C5-4925-85A2-08D69FF6E9AC}.Release|Any CPU.Build.0 = Release|Any CPU
		{A87D356E-24C5-4925-85A2-08D69FF6E9AC}.Release|x64.ActiveCfg = Release|Any CPU
		{A87D356E-24C5-4925-85A2-08D69FF6E9AC}.Release|x64.Build.0 = Release|Any CPU
		{A87D356E-24C5-4925-85A2-08D69FF6E9AC}.Release|x86.ActiveCfg = Release|Any CPU
		{A87D356E-24C5-4925-85A2-08D69FF6E9AC}.Release|x86.Build.0 = Release|Any CPU
		{8EC7C763-94A8-4BB3-B60B-8D90BF3C429D}.Debug|Any CPU.ActiveCfg = Debug|Any CPU
		{8EC7C763-94A8-4BB3-B60B-8D90BF3C429D}.Debug|Any CPU.Build.0 = Debug|Any CPU
		{8EC7C763-94A8-4BB3-B60B-8D90BF3C429D}.Debug|x64.ActiveCfg = Debug|Any CPU
		{8EC7C763-94A8-4BB3-B60B-8D90BF3C429D}.Debug|x64.Build.0 = Debug|Any CPU
		{8EC7C763-94A8-4BB3-B60B-8D90BF3C429D}.Debug|x86.ActiveCfg = Debug|Any CPU
		{8EC7C763-94A8-4BB3-B60B-8D90BF3C429D}.Debug|x86.Build.0 = Debug|Any CPU
		{8EC7C763-94A8-4BB3-B60B-8D90BF3C429D}.Release|Any CPU.ActiveCfg = Release|Any CPU
		{8EC7C763-94A8-4BB3-B60B-8D90BF3C429D}.Release|Any CPU.Build.0 = Release|Any CPU
		{8EC7C763-94A8-4BB3-B60B-8D90BF3C429D}.Release|x64.ActiveCfg = Release|Any CPU
		{8EC7C763-94A8-4BB3-B60B-8D90BF3C429D}.Release|x64.Build.0 = Release|Any CPU
		{8EC7C763-94A8-4BB3-B60B-8D90BF3C429D}.Release|x86.ActiveCfg = Release|Any CPU
		{8EC7C763-94A8-4BB3-B60B-8D90BF3C429D}.Release|x86.Build.0 = Release|Any CPU
		{C52CE0FE-6D39-4F8A-8833-B0FE69C5A224}.Debug|Any CPU.ActiveCfg = Debug|Any CPU
		{C52CE0FE-6D39-4F8A-8833-B0FE69C5A224}.Debug|Any CPU.Build.0 = Debug|Any CPU
		{C52CE0FE-6D39-4F8A-8833-B0FE69C5A224}.Debug|x64.ActiveCfg = Debug|Any CPU
		{C52CE0FE-6D39-4F8A-8833-B0FE69C5A224}.Debug|x64.Build.0 = Debug|Any CPU
		{C52CE0FE-6D39-4F8A-8833-B0FE69C5A224}.Debug|x86.ActiveCfg = Debug|Any CPU
		{C52CE0FE-6D39-4F8A-8833-B0FE69C5A224}.Debug|x86.Build.0 = Debug|Any CPU
		{C52CE0FE-6D39-4F8A-8833-B0FE69C5A224}.Release|Any CPU.ActiveCfg = Release|Any CPU
		{C52CE0FE-6D39-4F8A-8833-B0FE69C5A224}.Release|Any CPU.Build.0 = Release|Any CPU
		{C52CE0FE-6D39-4F8A-8833-B0FE69C5A224}.Release|x64.ActiveCfg = Release|Any CPU
		{C52CE0FE-6D39-4F8A-8833-B0FE69C5A224}.Release|x64.Build.0 = Release|Any CPU
		{C52CE0FE-6D39-4F8A-8833-B0FE69C5A224}.Release|x86.ActiveCfg = Release|Any CPU
		{C52CE0FE-6D39-4F8A-8833-B0FE69C5A224}.Release|x86.Build.0 = Release|Any CPU
		{B9520466-D28C-4062-ABC9-4C6C1815E7CA}.Debug|Any CPU.ActiveCfg = Debug|Any CPU
		{B9520466-D28C-4062-ABC9-4C6C1815E7CA}.Debug|Any CPU.Build.0 = Debug|Any CPU
		{B9520466-D28C-4062-ABC9-4C6C1815E7CA}.Debug|x64.ActiveCfg = Debug|Any CPU
		{B9520466-D28C-4062-ABC9-4C6C1815E7CA}.Debug|x64.Build.0 = Debug|Any CPU
		{B9520466-D28C-4062-ABC9-4C6C1815E7CA}.Debug|x86.ActiveCfg = Debug|Any CPU
		{B9520466-D28C-4062-ABC9-4C6C1815E7CA}.Debug|x86.Build.0 = Debug|Any CPU
		{B9520466-D28C-4062-ABC9-4C6C1815E7CA}.Release|Any CPU.ActiveCfg = Release|Any CPU
		{B9520466-D28C-4062-ABC9-4C6C1815E7CA}.Release|Any CPU.Build.0 = Release|Any CPU
		{B9520466-D28C-4062-ABC9-4C6C1815E7CA}.Release|x64.ActiveCfg = Release|Any CPU
		{B9520466-D28C-4062-ABC9-4C6C1815E7CA}.Release|x64.Build.0 = Release|Any CPU
		{B9520466-D28C-4062-ABC9-4C6C1815E7CA}.Release|x86.ActiveCfg = Release|Any CPU
		{B9520466-D28C-4062-ABC9-4C6C1815E7CA}.Release|x86.Build.0 = Release|Any CPU
		{750E45DF-3E3B-481B-A08C-5EDF47D2D7D3}.Debug|Any CPU.ActiveCfg = Debug|Any CPU
		{750E45DF-3E3B-481B-A08C-5EDF47D2D7D3}.Debug|Any CPU.Build.0 = Debug|Any CPU
		{750E45DF-3E3B-481B-A08C-5EDF47D2D7D3}.Debug|x64.ActiveCfg = Debug|Any CPU
		{750E45DF-3E3B-481B-A08C-5EDF47D2D7D3}.Debug|x64.Build.0 = Debug|Any CPU
		{750E45DF-3E3B-481B-A08C-5EDF47D2D7D3}.Debug|x86.ActiveCfg = Debug|Any CPU
		{750E45DF-3E3B-481B-A08C-5EDF47D2D7D3}.Debug|x86.Build.0 = Debug|Any CPU
		{750E45DF-3E3B-481B-A08C-5EDF47D2D7D3}.Release|Any CPU.ActiveCfg = Release|Any CPU
		{750E45DF-3E3B-481B-A08C-5EDF47D2D7D3}.Release|Any CPU.Build.0 = Release|Any CPU
		{750E45DF-3E3B-481B-A08C-5EDF47D2D7D3}.Release|x64.ActiveCfg = Release|Any CPU
		{750E45DF-3E3B-481B-A08C-5EDF47D2D7D3}.Release|x64.Build.0 = Release|Any CPU
		{750E45DF-3E3B-481B-A08C-5EDF47D2D7D3}.Release|x86.ActiveCfg = Release|Any CPU
		{750E45DF-3E3B-481B-A08C-5EDF47D2D7D3}.Release|x86.Build.0 = Release|Any CPU
		{278EC889-CFDF-4941-81CE-06C298BEF842}.Debug|Any CPU.ActiveCfg = Debug|Any CPU
		{278EC889-CFDF-4941-81CE-06C298BEF842}.Debug|Any CPU.Build.0 = Debug|Any CPU
		{278EC889-CFDF-4941-81CE-06C298BEF842}.Debug|x64.ActiveCfg = Debug|Any CPU
		{278EC889-CFDF-4941-81CE-06C298BEF842}.Debug|x64.Build.0 = Debug|Any CPU
		{278EC889-CFDF-4941-81CE-06C298BEF842}.Debug|x86.ActiveCfg = Debug|Any CPU
		{278EC889-CFDF-4941-81CE-06C298BEF842}.Debug|x86.Build.0 = Debug|Any CPU
		{278EC889-CFDF-4941-81CE-06C298BEF842}.Release|Any CPU.ActiveCfg = Release|Any CPU
		{278EC889-CFDF-4941-81CE-06C298BEF842}.Release|Any CPU.Build.0 = Release|Any CPU
		{278EC889-CFDF-4941-81CE-06C298BEF842}.Release|x64.ActiveCfg = Release|Any CPU
		{278EC889-CFDF-4941-81CE-06C298BEF842}.Release|x64.Build.0 = Release|Any CPU
		{278EC889-CFDF-4941-81CE-06C298BEF842}.Release|x86.ActiveCfg = Release|Any CPU
		{278EC889-CFDF-4941-81CE-06C298BEF842}.Release|x86.Build.0 = Release|Any CPU
		{3A924C8C-CFC3-4C28-8B09-AC225E9F973D}.Debug|Any CPU.ActiveCfg = Debug|Any CPU
		{3A924C8C-CFC3-4C28-8B09-AC225E9F973D}.Debug|Any CPU.Build.0 = Debug|Any CPU
		{3A924C8C-CFC3-4C28-8B09-AC225E9F973D}.Debug|x64.ActiveCfg = Debug|Any CPU
		{3A924C8C-CFC3-4C28-8B09-AC225E9F973D}.Debug|x64.Build.0 = Debug|Any CPU
		{3A924C8C-CFC3-4C28-8B09-AC225E9F973D}.Debug|x86.ActiveCfg = Debug|Any CPU
		{3A924C8C-CFC3-4C28-8B09-AC225E9F973D}.Debug|x86.Build.0 = Debug|Any CPU
		{3A924C8C-CFC3-4C28-8B09-AC225E9F973D}.Release|Any CPU.ActiveCfg = Release|Any CPU
		{3A924C8C-CFC3-4C28-8B09-AC225E9F973D}.Release|Any CPU.Build.0 = Release|Any CPU
		{3A924C8C-CFC3-4C28-8B09-AC225E9F973D}.Release|x64.ActiveCfg = Release|Any CPU
		{3A924C8C-CFC3-4C28-8B09-AC225E9F973D}.Release|x64.Build.0 = Release|Any CPU
		{3A924C8C-CFC3-4C28-8B09-AC225E9F973D}.Release|x86.ActiveCfg = Release|Any CPU
		{3A924C8C-CFC3-4C28-8B09-AC225E9F973D}.Release|x86.Build.0 = Release|Any CPU
		{81F6865B-C615-40AE-A9CA-780C1E10B324}.Debug|Any CPU.ActiveCfg = Debug|Any CPU
		{81F6865B-C615-40AE-A9CA-780C1E10B324}.Debug|Any CPU.Build.0 = Debug|Any CPU
		{81F6865B-C615-40AE-A9CA-780C1E10B324}.Debug|x64.ActiveCfg = Debug|Any CPU
		{81F6865B-C615-40AE-A9CA-780C1E10B324}.Debug|x64.Build.0 = Debug|Any CPU
		{81F6865B-C615-40AE-A9CA-780C1E10B324}.Debug|x86.ActiveCfg = Debug|Any CPU
		{81F6865B-C615-40AE-A9CA-780C1E10B324}.Debug|x86.Build.0 = Debug|Any CPU
		{81F6865B-C615-40AE-A9CA-780C1E10B324}.Release|Any CPU.ActiveCfg = Release|Any CPU
		{81F6865B-C615-40AE-A9CA-780C1E10B324}.Release|Any CPU.Build.0 = Release|Any CPU
		{81F6865B-C615-40AE-A9CA-780C1E10B324}.Release|x64.ActiveCfg = Release|Any CPU
		{81F6865B-C615-40AE-A9CA-780C1E10B324}.Release|x64.Build.0 = Release|Any CPU
		{81F6865B-C615-40AE-A9CA-780C1E10B324}.Release|x86.ActiveCfg = Release|Any CPU
		{81F6865B-C615-40AE-A9CA-780C1E10B324}.Release|x86.Build.0 = Release|Any CPU
	EndGlobalSection
	GlobalSection(SolutionProperties) = preSolution
		HideSolutionNode = FALSE
	EndGlobalSection
	GlobalSection(NestedProjects) = preSolution
		{FF0A2121-5F55-4445-8182-721DF1687469} = {827E0CD3-B72D-47B6-A68D-7590B98EB39B}
		{562CC98F-6F96-4B29-8260-A75172617264} = {827E0CD3-B72D-47B6-A68D-7590B98EB39B}
		{B562EF65-8B79-4CFF-AEFB-DE41E5A58B31} = {827E0CD3-B72D-47B6-A68D-7590B98EB39B}
		{79744ABD-60EC-4D54-B8D3-551E5C498419} = {827E0CD3-B72D-47B6-A68D-7590B98EB39B}
		{729BF78E-8138-4190-9086-BF614986000C} = {827E0CD3-B72D-47B6-A68D-7590B98EB39B}
		{B92E9323-1316-4B82-B452-77BF11270689} = {827E0CD3-B72D-47B6-A68D-7590B98EB39B}
		{FCA97F35-91DC-476B-B011-51722F5E5A5C} = {0AB3BF05-4346-4AA6-1389-037BE0695223}
		{A87D356E-24C5-4925-85A2-08D69FF6E9AC} = {0AB3BF05-4346-4AA6-1389-037BE0695223}
		{8EC7C763-94A8-4BB3-B60B-8D90BF3C429D} = {0AB3BF05-4346-4AA6-1389-037BE0695223}
		{C52CE0FE-6D39-4F8A-8833-B0FE69C5A224} = {0AB3BF05-4346-4AA6-1389-037BE0695223}
		{B9520466-D28C-4062-ABC9-4C6C1815E7CA} = {0AB3BF05-4346-4AA6-1389-037BE0695223}
		{750E45DF-3E3B-481B-A08C-5EDF47D2D7D3} = {0AB3BF05-4346-4AA6-1389-037BE0695223}
		{278EC889-CFDF-4941-81CE-06C298BEF842} = {07C2787E-EAC7-C090-1BA3-A61EC2A24D84}
		{3A924C8C-CFC3-4C28-8B09-AC225E9F973D} = {827E0CD3-B72D-47B6-A68D-7590B98EB39B}
		{81F6865B-C615-40AE-A9CA-780C1E10B324} = {0AB3BF05-4346-4AA6-1389-037BE0695223}
	EndGlobalSection
EndGlobal
